PODS:
  - google-plus-ios-sdk (1.4.1)
  - GooglePlusShareActivity (0.2.1):
    - google-plus-ios-sdk (= 1.4.1)

DEPENDENCIES:
  - GooglePlusShareActivity (from `..`)

EXTERNAL SOURCES:
  GooglePlusShareActivity:
    :path: ..

SPEC CHECKSUMS:
  google-plus-ios-sdk: d04d1f5791e3a304144995a2af7b10629d21da4c
  GooglePlusShareActivity: 31bf7979ebb4e3c3f9b71933bb90c948293807d4

COCOAPODS: 0.26.2
