PODS:
  - google-plus-ios-sdk (1.5.1)
  - GooglePlusShareActivity (0.2.5):
    - google-plus-ios-sdk (= 1.5.1)

DEPENDENCIES:
  - GooglePlusShareActivity (from `../GooglePlusShareActivity.podspec.json`)

EXTERNAL SOURCES:
  GooglePlusShareActivity:
    :podspec: ../GooglePlusShareActivity.podspec.json

SPEC CHECKSUMS:
  google-plus-ios-sdk: 98d76ce1f1edbfe8730628aafe017301a734042c
  GooglePlusShareActivity: 89e1134ba7aa4f89b9bde3017c2f36c43a58239e

COCOAPODS: 0.33.1
