PODS:
  - googleplus-ios-sdk (1.7.1)
  - GooglePlusShareActivity (0.2.10):
    - googleplus-ios-sdk (~> 1.7.1)

DEPENDENCIES:
  - GooglePlusShareActivity (from `../../`)

EXTERNAL SOURCES:
  GooglePlusShareActivity:
    :path: "../../"

SPEC CHECKSUMS:
  googleplus-ios-sdk: 065d9135061a5f84c07656a68ced48336408fe35
  GooglePlusShareActivity: eeccb765cc07283d261bae5b808a8f26d733c9c2

COCOAPODS: 0.36.3
