PODS:
  - googleplus-ios-sdk (1.7.1)
  - GooglePlusShareActivity (0.2.10):
    - googleplus-ios-sdk (~> 1.7.1)

DEPENDENCIES:
  - GooglePlusShareActivity (from `../../`)

EXTERNAL SOURCES:
  GooglePlusShareActivity:
    :path: ../../

SPEC CHECKSUMS:
  googleplus-ios-sdk: 065d9135061a5f84c07656a68ced48336408fe35
  GooglePlusShareActivity: 055980551633543ba169ed1f4ae6a0df33309ca9

COCOAPODS: 0.35.0
